<?xml version="1.0" encoding="utf-8"?>
<Project ToolsVersion="18.0" xmlns="http://schemas.microsoft.com/developer/msbuild/2003">
  <ItemGroup>
    <CustomBuild Include="C:\Users\CjsCa\Desktop\nexusdesign_landingpage\CMakeFiles\b934baa295e97d0653f93f217d441b15\generate.stamp.rule">
      <Filter>CMake Rules</Filter>
    </CustomBuild>
  </ItemGroup>
  <ItemGroup>
    <Filter Include="CMake Rules">
      <UniqueIdentifier>{A69061CC-9FE8-373F-8573-884A21355149}</UniqueIdentifier>
    </Filter>
  </ItemGroup>
</Project>
